
Microsoft Visual Studio Solution File, Format Version 12.00
# Visual Studio 14
VisualStudioVersion = 14.0.25420.1
MinimumVisualStudioVersion = 10.0.40219.1
Project("{FAE04EC0-301F-11D3-BF4B-00C04F79EFBC}") = "NBsoft.Appointment.DAL", "src\DAL\NBsoft.Appointment.DAL.csproj", "{743E04C1-16F8-4B25-ACC2-3F5633E68AC6}"
EndProject
Project("{FAE04EC0-301F-11D3-BF4B-00C04F79EFBC}") = "NBsoft.Appointment.WPF", "src\WPF\NBsoft.Appointment.WPF.csproj", "{0E428F1C-85C2-45C8-A73A-370032A6F25D}"
EndProject
Global
	GlobalSection(SolutionConfigurationPlatforms) = preSolution
		Debug|Any CPU = Debug|Any CPU
		Debug|x64 = Debug|x64
		Release|Any CPU = Release|Any CPU
		Release|x64 = Release|x64
	EndGlobalSection
	GlobalSection(ProjectConfigurationPlatforms) = postSolution
		{743E04C1-16F8-4B25-ACC2-3F5633E68AC6}.Debug|Any CPU.ActiveCfg = Debug|Any CPU
		{743E04C1-16F8-4B25-ACC2-3F5633E68AC6}.Debug|Any CPU.Build.0 = Debug|Any CPU
		{743E04C1-16F8-4B25-ACC2-3F5633E68AC6}.Debug|x64.ActiveCfg = Debug|x64
		{743E04C1-16F8-4B25-ACC2-3F5633E68AC6}.Debug|x64.Build.0 = Debug|x64
		{743E04C1-16F8-4B25-ACC2-3F5633E68AC6}.Release|Any CPU.ActiveCfg = Release|Any CPU
		{743E04C1-16F8-4B25-ACC2-3F5633E68AC6}.Release|Any CPU.Build.0 = Release|Any CPU
		{743E04C1-16F8-4B25-ACC2-3F5633E68AC6}.Release|x64.ActiveCfg = Release|x64
		{743E04C1-16F8-4B25-ACC2-3F5633E68AC6}.Release|x64.Build.0 = Release|x64
		{0E428F1C-85C2-45C8-A73A-370032A6F25D}.Debug|Any CPU.ActiveCfg = Debug|Any CPU
		{0E428F1C-85C2-45C8-A73A-370032A6F25D}.Debug|Any CPU.Build.0 = Debug|Any CPU
		{0E428F1C-85C2-45C8-A73A-370032A6F25D}.Debug|x64.ActiveCfg = Debug|x64
		{0E428F1C-85C2-45C8-A73A-370032A6F25D}.Debug|x64.Build.0 = Debug|x64
		{0E428F1C-85C2-45C8-A73A-370032A6F25D}.Release|Any CPU.ActiveCfg = Release|Any CPU
		{0E428F1C-85C2-45C8-A73A-370032A6F25D}.Release|Any CPU.Build.0 = Release|Any CPU
		{0E428F1C-85C2-45C8-A73A-370032A6F25D}.Release|x64.ActiveCfg = Release|x64
		{0E428F1C-85C2-45C8-A73A-370032A6F25D}.Release|x64.Build.0 = Release|x64
	EndGlobalSection
	GlobalSection(SolutionProperties) = preSolution
		HideSolutionNode = FALSE
	EndGlobalSection
EndGlobal
